{
  "lockfileVersion": 1,
  "workspaces": {
    "": {
      "name": "obfuscator",
      "dependencies": {
        "@inquirer/prompts": "^7.4.0",
        "ora": "^8.2.0",
      },
      "devDependencies": {
        "@types/bun": "latest",
        "javascript-obfuscator": "^4.1.1",
      },
      "peerDependencies": {
        "typescript": "^5",
      },
    },
  },
  "packages": {
    "@inquirer/checkbox": ["@inquirer/checkbox@4.1.4", "https://mirrors.huaweicloud.com/repository/npm/@inquirer/checkbox/-/checkbox-4.1.4.tgz", { "dependencies": { "@inquirer/core": "^10.1.9", "@inquirer/figures": "^1.0.11", "@inquirer/type": "^3.0.5", "ansi-escapes": "^4.3.2", "yoctocolors-cjs": "^2.1.2" }, "peerDependencies": { "@types/node": ">=18" }, "optionalPeers": ["@types/node"] }, "sha512-d30576EZdApjAMceijXA5jDzRQHT/MygbC+J8I7EqA6f/FRpYxlRtRJbHF8gHeWYeSdOuTEJqonn7QLB1ELezA=="],

    "@inquirer/confirm": ["@inquirer/confirm@5.1.8", "https://mirrors.huaweicloud.com/repository/npm/@inquirer/confirm/-/confirm-5.1.8.tgz", { "dependencies": { "@inquirer/core": "^10.1.9", "@inquirer/type": "^3.0.5" }, "peerDependencies": { "@types/node": ">=18" }, "optionalPeers": ["@types/node"] }, "sha512-dNLWCYZvXDjO3rnQfk2iuJNL4Ivwz/T2+C3+WnNfJKsNGSuOs3wAo2F6e0p946gtSAk31nZMfW+MRmYaplPKsg=="],

    "@inquirer/core": ["@inquirer/core@10.1.9", "https://mirrors.huaweicloud.com/repository/npm/@inquirer/core/-/core-10.1.9.tgz", { "dependencies": { "@inquirer/figures": "^1.0.11", "@inquirer/type": "^3.0.5", "ansi-escapes": "^4.3.2", "cli-width": "^4.1.0", "mute-stream": "^2.0.0", "signal-exit": "^4.1.0", "wrap-ansi": "^6.2.0", "yoctocolors-cjs": "^2.1.2" }, "peerDependencies": { "@types/node": ">=18" }, "optionalPeers": ["@types/node"] }, "sha512-sXhVB8n20NYkUBfDYgizGHlpRVaCRjtuzNZA6xpALIUbkgfd2Hjz+DfEN6+h1BRnuxw0/P4jCIMjMsEOAMwAJw=="],

    "@inquirer/editor": ["@inquirer/editor@4.2.9", "https://mirrors.huaweicloud.com/repository/npm/@inquirer/editor/-/editor-4.2.9.tgz", { "dependencies": { "@inquirer/core": "^10.1.9", "@inquirer/type": "^3.0.5", "external-editor": "^3.1.0" }, "peerDependencies": { "@types/node": ">=18" }, "optionalPeers": ["@types/node"] }, "sha512-8HjOppAxO7O4wV1ETUlJFg6NDjp/W2NP5FB9ZPAcinAlNT4ZIWOLe2pUVwmmPRSV0NMdI5r/+lflN55AwZOKSw=="],

    "@inquirer/expand": ["@inquirer/expand@4.0.11", "https://mirrors.huaweicloud.com/repository/npm/@inquirer/expand/-/expand-4.0.11.tgz", { "dependencies": { "@inquirer/core": "^10.1.9", "@inquirer/type": "^3.0.5", "yoctocolors-cjs": "^2.1.2" }, "peerDependencies": { "@types/node": ">=18" }, "optionalPeers": ["@types/node"] }, "sha512-OZSUW4hFMW2TYvX/Sv+NnOZgO8CHT2TU1roUCUIF2T+wfw60XFRRp9MRUPCT06cRnKL+aemt2YmTWwt7rOrNEA=="],

    "@inquirer/figures": ["@inquirer/figures@1.0.11", "https://mirrors.huaweicloud.com/repository/npm/@inquirer/figures/-/figures-1.0.11.tgz", {}, "sha512-eOg92lvrn/aRUqbxRyvpEWnrvRuTYRifixHkYVpJiygTgVSBIHDqLh0SrMQXkafvULg3ck11V7xvR+zcgvpHFw=="],

    "@inquirer/input": ["@inquirer/input@4.1.8", "https://mirrors.huaweicloud.com/repository/npm/@inquirer/input/-/input-4.1.8.tgz", { "dependencies": { "@inquirer/core": "^10.1.9", "@inquirer/type": "^3.0.5" }, "peerDependencies": { "@types/node": ">=18" }, "optionalPeers": ["@types/node"] }, "sha512-WXJI16oOZ3/LiENCAxe8joniNp8MQxF6Wi5V+EBbVA0ZIOpFcL4I9e7f7cXse0HJeIPCWO8Lcgnk98juItCi7Q=="],

    "@inquirer/number": ["@inquirer/number@3.0.11", "https://mirrors.huaweicloud.com/repository/npm/@inquirer/number/-/number-3.0.11.tgz", { "dependencies": { "@inquirer/core": "^10.1.9", "@inquirer/type": "^3.0.5" }, "peerDependencies": { "@types/node": ">=18" }, "optionalPeers": ["@types/node"] }, "sha512-pQK68CsKOgwvU2eA53AG/4npRTH2pvs/pZ2bFvzpBhrznh8Mcwt19c+nMO7LHRr3Vreu1KPhNBF3vQAKrjIulw=="],

    "@inquirer/password": ["@inquirer/password@4.0.11", "https://mirrors.huaweicloud.com/repository/npm/@inquirer/password/-/password-4.0.11.tgz", { "dependencies": { "@inquirer/core": "^10.1.9", "@inquirer/type": "^3.0.5", "ansi-escapes": "^4.3.2" }, "peerDependencies": { "@types/node": ">=18" }, "optionalPeers": ["@types/node"] }, "sha512-dH6zLdv+HEv1nBs96Case6eppkRggMe8LoOTl30+Gq5Wf27AO/vHFgStTVz4aoevLdNXqwE23++IXGw4eiOXTg=="],

    "@inquirer/prompts": ["@inquirer/prompts@7.4.0", "https://mirrors.huaweicloud.com/repository/npm/@inquirer/prompts/-/prompts-7.4.0.tgz", { "dependencies": { "@inquirer/checkbox": "^4.1.4", "@inquirer/confirm": "^5.1.8", "@inquirer/editor": "^4.2.9", "@inquirer/expand": "^4.0.11", "@inquirer/input": "^4.1.8", "@inquirer/number": "^3.0.11", "@inquirer/password": "^4.0.11", "@inquirer/rawlist": "^4.0.11", "@inquirer/search": "^3.0.11", "@inquirer/select": "^4.1.0" }, "peerDependencies": { "@types/node": ">=18" }, "optionalPeers": ["@types/node"] }, "sha512-EZiJidQOT4O5PYtqnu1JbF0clv36oW2CviR66c7ma4LsupmmQlUwmdReGKRp456OWPWMz3PdrPiYg3aCk3op2w=="],

    "@inquirer/rawlist": ["@inquirer/rawlist@4.0.11", "https://mirrors.huaweicloud.com/repository/npm/@inquirer/rawlist/-/rawlist-4.0.11.tgz", { "dependencies": { "@inquirer/core": "^10.1.9", "@inquirer/type": "^3.0.5", "yoctocolors-cjs": "^2.1.2" }, "peerDependencies": { "@types/node": ">=18" }, "optionalPeers": ["@types/node"] }, "sha512-uAYtTx0IF/PqUAvsRrF3xvnxJV516wmR6YVONOmCWJbbt87HcDHLfL9wmBQFbNJRv5kCjdYKrZcavDkH3sVJPg=="],

    "@inquirer/search": ["@inquirer/search@3.0.11", "https://mirrors.huaweicloud.com/repository/npm/@inquirer/search/-/search-3.0.11.tgz", { "dependencies": { "@inquirer/core": "^10.1.9", "@inquirer/figures": "^1.0.11", "@inquirer/type": "^3.0.5", "yoctocolors-cjs": "^2.1.2" }, "peerDependencies": { "@types/node": ">=18" }, "optionalPeers": ["@types/node"] }, "sha512-9CWQT0ikYcg6Ls3TOa7jljsD7PgjcsYEM0bYE+Gkz+uoW9u8eaJCRHJKkucpRE5+xKtaaDbrND+nPDoxzjYyew=="],

    "@inquirer/select": ["@inquirer/select@4.1.0", "https://mirrors.huaweicloud.com/repository/npm/@inquirer/select/-/select-4.1.0.tgz", { "dependencies": { "@inquirer/core": "^10.1.9", "@inquirer/figures": "^1.0.11", "@inquirer/type": "^3.0.5", "ansi-escapes": "^4.3.2", "yoctocolors-cjs": "^2.1.2" }, "peerDependencies": { "@types/node": ">=18" }, "optionalPeers": ["@types/node"] }, "sha512-z0a2fmgTSRN+YBuiK1ROfJ2Nvrpij5lVN3gPDkQGhavdvIVGHGW29LwYZfM/j42Ai2hUghTI/uoBuTbrJk42bA=="],

    "@inquirer/type": ["@inquirer/type@3.0.5", "https://mirrors.huaweicloud.com/repository/npm/@inquirer/type/-/type-3.0.5.tgz", { "peerDependencies": { "@types/node": ">=18" }, "optionalPeers": ["@types/node"] }, "sha512-ZJpeIYYueOz/i/ONzrfof8g89kNdO2hjGuvULROo3O8rlB2CRtSseE5KeirnyE4t/thAn/EwvS/vuQeJCn+NZg=="],

    "@javascript-obfuscator/escodegen": ["@javascript-obfuscator/escodegen@2.3.0", "https://mirrors.huaweicloud.com/repository/npm/@javascript-obfuscator/escodegen/-/escodegen-2.3.0.tgz", { "dependencies": { "@javascript-obfuscator/estraverse": "^5.3.0", "esprima": "^4.0.1", "esutils": "^2.0.2", "optionator": "^0.8.1" }, "optionalDependencies": { "source-map": "~0.6.1" } }, "sha512-QVXwMIKqYMl3KwtTirYIA6gOCiJ0ZDtptXqAv/8KWLG9uQU2fZqTVy7a/A5RvcoZhbDoFfveTxuGxJ5ibzQtkw=="],

    "@javascript-obfuscator/estraverse": ["@javascript-obfuscator/estraverse@5.4.0", "https://mirrors.huaweicloud.com/repository/npm/@javascript-obfuscator/estraverse/-/estraverse-5.4.0.tgz", {}, "sha512-CZFX7UZVN9VopGbjTx4UXaXsi9ewoM1buL0kY7j1ftYdSs7p2spv9opxFjHlQ/QGTgh4UqufYqJJ0WKLml7b6w=="],

    "@types/bun": ["@types/bun@1.2.5", "https://mirrors.huaweicloud.com/repository/npm/@types/bun/-/bun-1.2.5.tgz", { "dependencies": { "bun-types": "1.2.5" } }, "sha512-w2OZTzrZTVtbnJew1pdFmgV99H0/L+Pvw+z1P67HaR18MHOzYnTYOi6qzErhK8HyT+DB782ADVPPE92Xu2/Opg=="],

    "@types/minimatch": ["@types/minimatch@3.0.5", "https://mirrors.huaweicloud.com/repository/npm/@types/minimatch/-/minimatch-3.0.5.tgz", {}, "sha512-Klz949h02Gz2uZCMGwDUSDS1YBlTdDDgbWHi+81l29tQALUtvz4rAYi5uoVhE5Lagoq6DeqAUlbrHvW/mXDgdQ=="],

    "@types/node": ["@types/node@22.13.10", "https://mirrors.huaweicloud.com/repository/npm/@types/node/-/node-22.13.10.tgz", { "dependencies": { "undici-types": "~6.20.0" } }, "sha512-I6LPUvlRH+O6VRUqYOcMudhaIdUVWfsjnZavnsraHvpBwaEyMN29ry+0UVJhImYL16xsscu0aske3yA+uPOWfw=="],

    "@types/validator": ["@types/validator@13.12.2", "https://mirrors.huaweicloud.com/repository/npm/@types/validator/-/validator-13.12.2.tgz", {}, "sha512-6SlHBzUW8Jhf3liqrGGXyTJSIFe4nqlJ5A5KaMZ2l/vbM3Wh3KSybots/wfWVzNLK4D1NZluDlSQIbIEPx6oyA=="],

    "@types/ws": ["@types/ws@8.5.14", "https://mirrors.huaweicloud.com/repository/npm/@types/ws/-/ws-8.5.14.tgz", { "dependencies": { "@types/node": "*" } }, "sha512-bd/YFLW+URhBzMXurx7lWByOu+xzU9+kb3RboOteXYDfW+tr+JZa99OyNmPINEGB/ahzKrEuc8rcv4gnpJmxTw=="],

    "acorn": ["acorn@8.8.2", "https://mirrors.huaweicloud.com/repository/npm/acorn/-/acorn-8.8.2.tgz", { "bin": { "acorn": "bin/acorn" } }, "sha512-xjIYgE8HBrkpd/sJqOGNspf8uHG+NOHGOw6a/Urj8taM2EXfdNAH2oFcPeIFfsv3+kz/mJrS5VuMqbNLjCa2vw=="],

    "ansi-escapes": ["ansi-escapes@4.3.2", "https://mirrors.huaweicloud.com/repository/npm/ansi-escapes/-/ansi-escapes-4.3.2.tgz", { "dependencies": { "type-fest": "^0.21.3" } }, "sha512-gKXj5ALrKWQLsYG9jlTRmR/xKluxHV+Z9QEwNIgCfM1/uwPMCuzVVnh5mwTd+OuBZcwSIMbqssNWRm1lE51QaQ=="],

    "ansi-regex": ["ansi-regex@6.1.0", "https://mirrors.huaweicloud.com/repository/npm/ansi-regex/-/ansi-regex-6.1.0.tgz", {}, "sha512-7HSX4QQb4CspciLpVFwyRe79O3xsIZDDLER21kERQ71oaPodF8jL725AgJMFAYbooIqolJoRLuM81SpeUkpkvA=="],

    "ansi-styles": ["ansi-styles@4.3.0", "https://mirrors.huaweicloud.com/repository/npm/ansi-styles/-/ansi-styles-4.3.0.tgz", { "dependencies": { "color-convert": "^2.0.1" } }, "sha512-zbB9rCJAT1rbjiVDb2hqKFHNYLxgtk8NURxZ3IZwD3F6NtxbXZQCnnSi1Lkx+IDohdPlFp222wVALIheZJQSEg=="],

    "array-differ": ["array-differ@3.0.0", "https://mirrors.huaweicloud.com/repository/npm/array-differ/-/array-differ-3.0.0.tgz", {}, "sha512-THtfYS6KtME/yIAhKjZ2ul7XI96lQGHRputJQHO80LAWQnuGP4iCIN8vdMRboGbIEYBwU33q8Tch1os2+X0kMg=="],

    "array-union": ["array-union@2.1.0", "https://mirrors.huaweicloud.com/repository/npm/array-union/-/array-union-2.1.0.tgz", {}, "sha512-HGyxoOTYUyCM6stUe6EJgnd4EoewAI7zMdfqO+kGjnlZmBDz/cR5pf8r/cR4Wq60sL/p0IkcjUEEPwS3GFrIyw=="],

    "arrify": ["arrify@2.0.1", "https://mirrors.huaweicloud.com/repository/npm/arrify/-/arrify-2.0.1.tgz", {}, "sha512-3duEwti880xqi4eAMN8AyR4a0ByT90zoYdLlevfrvU43vb0YZwZVfxOgxWrLXXXpyugL0hNZc9G6BiB5B3nUug=="],

    "assert": ["assert@2.0.0", "https://mirrors.huaweicloud.com/repository/npm/assert/-/assert-2.0.0.tgz", { "dependencies": { "es6-object-assign": "^1.1.0", "is-nan": "^1.2.1", "object-is": "^1.0.1", "util": "^0.12.0" } }, "sha512-se5Cd+js9dXJnu6Ag2JFc00t+HmHOen+8Q+L7O9zI0PqQXr20uk2J0XQqMxZEeo5U50o8Nvmmx7dZrl+Ufr35A=="],

    "available-typed-arrays": ["available-typed-arrays@1.0.7", "https://mirrors.huaweicloud.com/repository/npm/available-typed-arrays/-/available-typed-arrays-1.0.7.tgz", { "dependencies": { "possible-typed-array-names": "^1.0.0" } }, "sha512-wvUjBtSGN7+7SjNpq/9M2Tg350UZD3q62IFZLbRAR1bSMlCo1ZaeW+BJ+D090e4hIIZLBcTDWe4Mh4jvUDajzQ=="],

    "balanced-match": ["balanced-match@1.0.2", "https://mirrors.huaweicloud.com/repository/npm/balanced-match/-/balanced-match-1.0.2.tgz", {}, "sha512-3oSeUO0TMV67hN1AmbXsK4yaqU7tjiHlbxRDZOpH0KW9+CeX4bRAaX0Anxt0tx2MrpRpWwQaPwIlISEJhYU5Pw=="],

    "brace-expansion": ["brace-expansion@1.1.11", "https://mirrors.huaweicloud.com/repository/npm/brace-expansion/-/brace-expansion-1.1.11.tgz", { "dependencies": { "balanced-match": "^1.0.0", "concat-map": "0.0.1" } }, "sha512-iCuPHDFgrHX7H2vEI/5xpz07zSHB00TpugqhmYtVmMO6518mCuRMoOYFldEBl0g187ufozdaHgWKcYFb61qGiA=="],

    "buffer-from": ["buffer-from@1.1.2", "https://mirrors.huaweicloud.com/repository/npm/buffer-from/-/buffer-from-1.1.2.tgz", {}, "sha512-E+XQCRwSbaaiChtv6k6Dwgc+bx+Bs6vuKJHHl5kox/BaKbhiXzqQOwK4cO22yElGp2OCmjwVhT3HmxgyPGnJfQ=="],

    "bun-types": ["bun-types@1.2.5", "https://mirrors.huaweicloud.com/repository/npm/bun-types/-/bun-types-1.2.5.tgz", { "dependencies": { "@types/node": "*", "@types/ws": "~8.5.10" } }, "sha512-3oO6LVGGRRKI4kHINx5PIdIgnLRb7l/SprhzqXapmoYkFl5m4j6EvALvbDVuuBFaamB46Ap6HCUxIXNLCGy+tg=="],

    "call-bind": ["call-bind@1.0.8", "https://mirrors.huaweicloud.com/repository/npm/call-bind/-/call-bind-1.0.8.tgz", { "dependencies": { "call-bind-apply-helpers": "^1.0.0", "es-define-property": "^1.0.0", "get-intrinsic": "^1.2.4", "set-function-length": "^1.2.2" } }, "sha512-oKlSFMcMwpUg2ednkhQ454wfWiU/ul3CkJe/PEHcTKuiX6RpbehUiFMXu13HalGZxfUwCQzZG747YXBn1im9ww=="],

    "call-bind-apply-helpers": ["call-bind-apply-helpers@1.0.2", "https://mirrors.huaweicloud.com/repository/npm/call-bind-apply-helpers/-/call-bind-apply-helpers-1.0.2.tgz", { "dependencies": { "es-errors": "^1.3.0", "function-bind": "^1.1.2" } }, "sha512-Sp1ablJ0ivDkSzjcaJdxEunN5/XvksFJ2sMBFfq6x0ryhQV/2b/KwFe21cMpmHtPOSij8K99/wSfoEuTObmuMQ=="],

    "call-bound": ["call-bound@1.0.4", "https://mirrors.huaweicloud.com/repository/npm/call-bound/-/call-bound-1.0.4.tgz", { "dependencies": { "call-bind-apply-helpers": "^1.0.2", "get-intrinsic": "^1.3.0" } }, "sha512-+ys997U96po4Kx/ABpBCqhA9EuxJaQWDQg7295H4hBphv3IZg0boBKuwYpt4YXp6MZ5AmZQnU/tyMTlRpaSejg=="],

    "chalk": ["chalk@4.1.2", "https://mirrors.huaweicloud.com/repository/npm/chalk/-/chalk-4.1.2.tgz", { "dependencies": { "ansi-styles": "^4.1.0", "supports-color": "^7.1.0" } }, "sha512-oKnbhFyRIXpUuez8iBMmyEa4nbj4IOQyuhc/wy9kY7/WVPcwIO9VA668Pu8RkO7+0G76SLROeyw9CpQ061i4mA=="],

    "chance": ["chance@1.1.9", "https://mirrors.huaweicloud.com/repository/npm/chance/-/chance-1.1.9.tgz", {}, "sha512-TfxnA/DcZXRTA4OekA2zL9GH8qscbbl6X0ZqU4tXhGveVY/mXWvEQLt5GwZcYXTEyEFflVtj+pG8nc8EwSm1RQ=="],

    "char-regex": ["char-regex@1.0.2", "https://mirrors.huaweicloud.com/repository/npm/char-regex/-/char-regex-1.0.2.tgz", {}, "sha512-kWWXztvZ5SBQV+eRgKFeh8q5sLuZY2+8WUIzlxWVTg+oGwY14qylx1KbKzHd8P6ZYkAg0xyIDU9JMHhyJMZ1jw=="],

    "chardet": ["chardet@0.7.0", "https://mirrors.huaweicloud.com/repository/npm/chardet/-/chardet-0.7.0.tgz", {}, "sha512-mT8iDcrh03qDGRRmoA2hmBJnxpllMR+0/0qlzjqZES6NdiWDcZkCNAk4rPFZ9Q85r27unkiNNg8ZOiwZXBHwcA=="],

    "charenc": ["charenc@0.0.2", "https://mirrors.huaweicloud.com/repository/npm/charenc/-/charenc-0.0.2.tgz", {}, "sha512-yrLQ/yVUFXkzg7EDQsPieE/53+0RlaWTs+wBrvW36cyilJ2SaDWfl4Yj7MtLTXleV9uEKefbAGUPv2/iWSooRA=="],

    "class-validator": ["class-validator@0.14.1", "https://mirrors.huaweicloud.com/repository/npm/class-validator/-/class-validator-0.14.1.tgz", { "dependencies": { "@types/validator": "^13.11.8", "libphonenumber-js": "^1.10.53", "validator": "^13.9.0" } }, "sha512-2VEG9JICxIqTpoK1eMzZqaV+u/EiwEJkMGzTrZf6sU/fwsnOITVgYJ8yojSy6CaXtO9V0Cc6ZQZ8h8m4UBuLwQ=="],

    "cli-cursor": ["cli-cursor@5.0.0", "https://mirrors.huaweicloud.com/repository/npm/cli-cursor/-/cli-cursor-5.0.0.tgz", { "dependencies": { "restore-cursor": "^5.0.0" } }, "sha512-aCj4O5wKyszjMmDT4tZj93kxyydN/K5zPWSCe6/0AV/AA1pqe5ZBIw0a2ZfPQV7lL5/yb5HsUreJ6UFAF1tEQw=="],

    "cli-spinners": ["cli-spinners@2.9.2", "https://mirrors.huaweicloud.com/repository/npm/cli-spinners/-/cli-spinners-2.9.2.tgz", {}, "sha512-ywqV+5MmyL4E7ybXgKys4DugZbX0FC6LnwrhjuykIjnK9k8OQacQ7axGKnjDXWNhns0xot3bZI5h55H8yo9cJg=="],

    "cli-width": ["cli-width@4.1.0", "https://mirrors.huaweicloud.com/repository/npm/cli-width/-/cli-width-4.1.0.tgz", {}, "sha512-ouuZd4/dm2Sw5Gmqy6bGyNNNe1qt9RpmxveLSO7KcgsTnU7RXfsw+/bukWGo1abgBiMAic068rclZsO4IWmmxQ=="],

    "color-convert": ["color-convert@2.0.1", "https://mirrors.huaweicloud.com/repository/npm/color-convert/-/color-convert-2.0.1.tgz", { "dependencies": { "color-name": "~1.1.4" } }, "sha512-RRECPsj7iu/xb5oKYcsFHSppFNnsj/52OVTRKb4zP5onXwVF3zVmmToNcOfGC+CRDpfK/U584fMg38ZHCaElKQ=="],

    "color-name": ["color-name@1.1.4", "https://mirrors.huaweicloud.com/repository/npm/color-name/-/color-name-1.1.4.tgz", {}, "sha512-dOy+3AuW3a2wNbZHIuMZpTcgjGuLU/uBL/ubcZF9OXbDo8ff4O8yVp5Bf0efS8uEoYo5q4Fx7dY9OgQGXgAsQA=="],

    "commander": ["commander@10.0.0", "https://mirrors.huaweicloud.com/repository/npm/commander/-/commander-10.0.0.tgz", {}, "sha512-zS5PnTI22FIRM6ylNW8G4Ap0IEOyk62fhLSD0+uHRT9McRCLGpkVNvao4bjimpK/GShynyQkFFxHhwMcETmduA=="],

    "concat-map": ["concat-map@0.0.1", "https://mirrors.huaweicloud.com/repository/npm/concat-map/-/concat-map-0.0.1.tgz", {}, "sha512-/Srv4dswyQNBfohGpz9o6Yb3Gz3SrUDqBH5rTuhGR7ahtlbYKnVxw2bCFMRljaA7EXHaXZ8wsHdodFvbkhKmqg=="],

    "crypt": ["crypt@0.0.2", "https://mirrors.huaweicloud.com/repository/npm/crypt/-/crypt-0.0.2.tgz", {}, "sha512-mCxBlsHFYh9C+HVpiEacem8FEBnMXgU9gy4zmNC+SXAZNB/1idgp/aulFJ4FgCi7GPEVbfyng092GqL2k2rmow=="],

    "deep-is": ["deep-is@0.1.4", "https://mirrors.huaweicloud.com/repository/npm/deep-is/-/deep-is-0.1.4.tgz", {}, "sha512-oIPzksmTg4/MriiaYGO+okXDT7ztn/w3Eptv/+gSIdMdKsJo0u4CfYNFJPy+4SKMuCqGw2wxnA+URMg3t8a/bQ=="],

    "define-data-property": ["define-data-property@1.1.4", "https://mirrors.huaweicloud.com/repository/npm/define-data-property/-/define-data-property-1.1.4.tgz", { "dependencies": { "es-define-property": "^1.0.0", "es-errors": "^1.3.0", "gopd": "^1.0.1" } }, "sha512-rBMvIzlpA8v6E+SJZoo++HAYqsLrkg7MSfIinMPFhmkorw7X+dOXVJQs+QT69zGkzMyfDnIMN2Wid1+NbL3T+A=="],

    "define-properties": ["define-properties@1.2.1", "https://mirrors.huaweicloud.com/repository/npm/define-properties/-/define-properties-1.2.1.tgz", { "dependencies": { "define-data-property": "^1.0.1", "has-property-descriptors": "^1.0.0", "object-keys": "^1.1.1" } }, "sha512-8QmQKqEASLd5nx0U1B1okLElbUuuttJ/AnYmRXbbbGDWh6uS208EjD4Xqq/I9wK7u0v6O08XhTWnt5XtEbR6Dg=="],

    "dunder-proto": ["dunder-proto@1.0.1", "https://mirrors.huaweicloud.com/repository/npm/dunder-proto/-/dunder-proto-1.0.1.tgz", { "dependencies": { "call-bind-apply-helpers": "^1.0.1", "es-errors": "^1.3.0", "gopd": "^1.2.0" } }, "sha512-KIN/nDJBQRcXw0MLVhZE9iQHmG68qAVIBg9CqmUYjmQIhgij9U5MFvrqkUL5FbtyyzZuOeOt0zdeRe4UY7ct+A=="],

    "emoji-regex": ["emoji-regex@10.4.0", "https://mirrors.huaweicloud.com/repository/npm/emoji-regex/-/emoji-regex-10.4.0.tgz", {}, "sha512-EC+0oUMY1Rqm4O6LLrgjtYDvcVYTy7chDnM4Q7030tP4Kwj3u/pR6gP9ygnp2CJMK5Gq+9Q2oqmrFJAz01DXjw=="],

    "es-define-property": ["es-define-property@1.0.1", "https://mirrors.huaweicloud.com/repository/npm/es-define-property/-/es-define-property-1.0.1.tgz", {}, "sha512-e3nRfgfUZ4rNGL232gUgX06QNyyez04KdjFrF+LTRoOXmrOgFKDg4BCdsjW8EnT69eqdYGmRpJwiPVYNrCaW3g=="],

    "es-errors": ["es-errors@1.3.0", "https://mirrors.huaweicloud.com/repository/npm/es-errors/-/es-errors-1.3.0.tgz", {}, "sha512-Zf5H2Kxt2xjTvbJvP2ZWLEICxA6j+hAmMzIlypy4xcBg1vKVnx89Wy0GbS+kf5cwCVFFzdCFh2XSCFNULS6csw=="],

    "es-object-atoms": ["es-object-atoms@1.1.1", "https://mirrors.huaweicloud.com/repository/npm/es-object-atoms/-/es-object-atoms-1.1.1.tgz", { "dependencies": { "es-errors": "^1.3.0" } }, "sha512-FGgH2h8zKNim9ljj7dankFPcICIK9Cp5bm+c2gQSYePhpaG5+esrLODihIorn+Pe6FGJzWhXQotPv73jTaldXA=="],

    "es6-object-assign": ["es6-object-assign@1.1.0", "https://mirrors.huaweicloud.com/repository/npm/es6-object-assign/-/es6-object-assign-1.1.0.tgz", {}, "sha512-MEl9uirslVwqQU369iHNWZXsI8yaZYGg/D65aOgZkeyFJwHYSxilf7rQzXKI7DdDuBPrBXbfk3sl9hJhmd5AUw=="],

    "eslint-scope": ["eslint-scope@7.1.1", "https://mirrors.huaweicloud.com/repository/npm/eslint-scope/-/eslint-scope-7.1.1.tgz", { "dependencies": { "esrecurse": "^4.3.0", "estraverse": "^5.2.0" } }, "sha512-QKQM/UXpIiHcLqJ5AOyIW7XZmzjkzQXYE54n1++wb0u9V/abW3l9uQnxX8Z5Xd18xyKIMTUAyQ0k1e8pz6LUrw=="],

    "eslint-visitor-keys": ["eslint-visitor-keys@3.3.0", "https://mirrors.huaweicloud.com/repository/npm/eslint-visitor-keys/-/eslint-visitor-keys-3.3.0.tgz", {}, "sha512-mQ+suqKJVyeuwGYHAdjMFqjCyfl8+Ldnxuyp3ldiMBFKkvytrXUZWaiPCEav8qDHKty44bD+qV1IP4T+w+xXRA=="],

    "esprima": ["esprima@4.0.1", "https://mirrors.huaweicloud.com/repository/npm/esprima/-/esprima-4.0.1.tgz", { "bin": { "esparse": "./bin/esparse.js", "esvalidate": "./bin/esvalidate.js" } }, "sha512-eGuFFw7Upda+g4p+QHvnW0RyTX/SVeJBDM/gCtMARO0cLuT2HcEKnTPvhjV6aGeqrCB/sbNop0Kszm0jsaWU4A=="],

    "esrecurse": ["esrecurse@4.3.0", "https://mirrors.huaweicloud.com/repository/npm/esrecurse/-/esrecurse-4.3.0.tgz", { "dependencies": { "estraverse": "^5.2.0" } }, "sha512-KmfKL3b6G+RXvP8N1vr3Tq1kL/oCFgn2NYXEtqP8/L3pKapUA4G8cFVaoF3SU323CD4XypR/ffioHmkti6/Tag=="],

    "estraverse": ["estraverse@5.3.0", "https://mirrors.huaweicloud.com/repository/npm/estraverse/-/estraverse-5.3.0.tgz", {}, "sha512-MMdARuVEQziNTeJD8DgMqmhwR11BRQ/cBP+pLtYdSTnf3MIO8fFeiINEbX36ZdNlfU/7A9f3gUw49B3oQsvwBA=="],

    "esutils": ["esutils@2.0.3", "https://mirrors.huaweicloud.com/repository/npm/esutils/-/esutils-2.0.3.tgz", {}, "sha512-kVscqXk4OCp68SZ0dkgEKVi6/8ij300KBWTJq32P/dYeWTSwK41WyTxalN1eRmA5Z9UU/LX9D7FWSmV9SAYx6g=="],

    "external-editor": ["external-editor@3.1.0", "https://mirrors.huaweicloud.com/repository/npm/external-editor/-/external-editor-3.1.0.tgz", { "dependencies": { "chardet": "^0.7.0", "iconv-lite": "^0.4.24", "tmp": "^0.0.33" } }, "sha512-hMQ4CX1p1izmuLYyZqLMO/qGNw10wSv9QDCPfzXfyFrOaCSSoRfqE1Kf1s5an66J5JZC62NewG+mK49jOCtQew=="],

    "fast-deep-equal": ["fast-deep-equal@3.1.3", "https://mirrors.huaweicloud.com/repository/npm/fast-deep-equal/-/fast-deep-equal-3.1.3.tgz", {}, "sha512-f3qQ9oQy9j2AhBe/H9VC91wLmKBCCU/gDOnKNAYG5hswO7BLKj09Hc5HYNz9cGI++xlpDCIgDaitVs03ATR84Q=="],

    "fast-levenshtein": ["fast-levenshtein@2.0.6", "https://mirrors.huaweicloud.com/repository/npm/fast-levenshtein/-/fast-levenshtein-2.0.6.tgz", {}, "sha512-DCXu6Ifhqcks7TZKY3Hxp3y6qphY5SJZmrWMDrKcERSOXWQdMhU9Ig/PYrzyw/ul9jOIyh0N4M0tbC5hodg8dw=="],

    "for-each": ["for-each@0.3.5", "https://mirrors.huaweicloud.com/repository/npm/for-each/-/for-each-0.3.5.tgz", { "dependencies": { "is-callable": "^1.2.7" } }, "sha512-dKx12eRCVIzqCxFGplyFKJMPvLEWgmNtUrpTiJIR5u97zEhRG8ySrtboPHZXx7daLxQVrl643cTzbab2tkQjxg=="],

    "function-bind": ["function-bind@1.1.2", "https://mirrors.huaweicloud.com/repository/npm/function-bind/-/function-bind-1.1.2.tgz", {}, "sha512-7XHNxH7qX9xG5mIwxkhumTox/MIRNcOgDrxWsMt2pAr23WHp6MrRlN7FBSFpCpr+oVO0F744iUgR82nJMfG2SA=="],

    "get-east-asian-width": ["get-east-asian-width@1.3.0", "https://mirrors.huaweicloud.com/repository/npm/get-east-asian-width/-/get-east-asian-width-1.3.0.tgz", {}, "sha512-vpeMIQKxczTD/0s2CdEWHcb0eeJe6TFjxb+J5xgX7hScxqrGuyjmv4c1D4A/gelKfyox0gJJwIHF+fLjeaM8kQ=="],

    "get-intrinsic": ["get-intrinsic@1.3.0", "https://mirrors.huaweicloud.com/repository/npm/get-intrinsic/-/get-intrinsic-1.3.0.tgz", { "dependencies": { "call-bind-apply-helpers": "^1.0.2", "es-define-property": "^1.0.1", "es-errors": "^1.3.0", "es-object-atoms": "^1.1.1", "function-bind": "^1.1.2", "get-proto": "^1.0.1", "gopd": "^1.2.0", "has-symbols": "^1.1.0", "hasown": "^2.0.2", "math-intrinsics": "^1.1.0" } }, "sha512-9fSjSaos/fRIVIp+xSJlE6lfwhES7LNtKaCBIamHsjr2na1BiABJPo0mOjjz8GJDURarmCPGqaiVg5mfjb98CQ=="],

    "get-proto": ["get-proto@1.0.1", "https://mirrors.huaweicloud.com/repository/npm/get-proto/-/get-proto-1.0.1.tgz", { "dependencies": { "dunder-proto": "^1.0.1", "es-object-atoms": "^1.0.0" } }, "sha512-sTSfBjoXBp89JvIKIefqw7U2CCebsc74kiY6awiGogKtoSGbgjYE/G/+l9sF3MWFPNc9IcoOC4ODfKHfxFmp0g=="],

    "gopd": ["gopd@1.2.0", "https://mirrors.huaweicloud.com/repository/npm/gopd/-/gopd-1.2.0.tgz", {}, "sha512-ZUKRh6/kUFoAiTAtTYPZJ3hw9wNxx+BIBOijnlG9PnrJsCcSjs1wyyD6vJpaYtgnzDrKYRSqf3OO6Rfa93xsRg=="],

    "has-flag": ["has-flag@4.0.0", "https://mirrors.huaweicloud.com/repository/npm/has-flag/-/has-flag-4.0.0.tgz", {}, "sha512-EykJT/Q1KjTWctppgIAgfSO0tKVuZUjhgMr17kqTumMl6Afv3EISleU7qZUzoXDFTAHTDC4NOoG/ZxU3EvlMPQ=="],

    "has-property-descriptors": ["has-property-descriptors@1.0.2", "https://mirrors.huaweicloud.com/repository/npm/has-property-descriptors/-/has-property-descriptors-1.0.2.tgz", { "dependencies": { "es-define-property": "^1.0.0" } }, "sha512-55JNKuIW+vq4Ke1BjOTjM2YctQIvCT7GFzHwmfZPGo5wnrgkid0YQtnAleFSqumZm4az3n2BS+erby5ipJdgrg=="],

    "has-symbols": ["has-symbols@1.1.0", "https://mirrors.huaweicloud.com/repository/npm/has-symbols/-/has-symbols-1.1.0.tgz", {}, "sha512-1cDNdwJ2Jaohmb3sg4OmKaMBwuC48sYni5HUw2DvsC8LjGTLK9h+eb1X6RyuOHe4hT0ULCW68iomhjUoKUqlPQ=="],

    "has-tostringtag": ["has-tostringtag@1.0.2", "https://mirrors.huaweicloud.com/repository/npm/has-tostringtag/-/has-tostringtag-1.0.2.tgz", { "dependencies": { "has-symbols": "^1.0.3" } }, "sha512-NqADB8VjPFLM2V0VvHUewwwsw0ZWBaIdgo+ieHtK3hasLz4qeCRjYcqfB6AQrBggRKppKF8L52/VqdVsO47Dlw=="],

    "hasown": ["hasown@2.0.2", "https://mirrors.huaweicloud.com/repository/npm/hasown/-/hasown-2.0.2.tgz", { "dependencies": { "function-bind": "^1.1.2" } }, "sha512-0hJU9SCPvmMzIBdZFqNPXWa6dqh7WdH0cII9y+CyS8rG3nL48Bclra9HmKhVVUHyPWNH5Y7xDwAB7bfgSjkUMQ=="],

    "iconv-lite": ["iconv-lite@0.4.24", "https://mirrors.huaweicloud.com/repository/npm/iconv-lite/-/iconv-lite-0.4.24.tgz", { "dependencies": { "safer-buffer": ">= 2.1.2 < 3" } }, "sha512-v3MXnZAcvnywkTUEZomIActle7RXXeedOR31wwl7VlyoXO4Qi9arvSenNQWne1TcRwhCL1HwLI21bEqdpj8/rA=="],

    "inherits": ["inherits@2.0.4", "https://mirrors.huaweicloud.com/repository/npm/inherits/-/inherits-2.0.4.tgz", {}, "sha512-k/vGaX4/Yla3WzyMCvTQOXYeIHvqOKtnqBduzTHpzpQZzAskKMhZ2K+EnBiSM9zGSoIFeMpXKxa4dYeZIQqewQ=="],

    "inversify": ["inversify@6.0.1", "https://mirrors.huaweicloud.com/repository/npm/inversify/-/inversify-6.0.1.tgz", {}, "sha512-B3ex30927698TJENHR++8FfEaJGqoWOgI6ZY5Ht/nLUsFCwHn6akbwtnUAPCgUepAnTpe2qHxhDNjoKLyz6rgQ=="],

    "is-arguments": ["is-arguments@1.2.0", "https://mirrors.huaweicloud.com/repository/npm/is-arguments/-/is-arguments-1.2.0.tgz", { "dependencies": { "call-bound": "^1.0.2", "has-tostringtag": "^1.0.2" } }, "sha512-7bVbi0huj/wrIAOzb8U1aszg9kdi3KN/CyU19CTI7tAoZYEZoL9yCDXpbXN+uPsuWnP02cyug1gleqq+TU+YCA=="],

    "is-buffer": ["is-buffer@1.1.6", "https://mirrors.huaweicloud.com/repository/npm/is-buffer/-/is-buffer-1.1.6.tgz", {}, "sha512-NcdALwpXkTm5Zvvbk7owOUSvVvBKDgKP5/ewfXEznmQFfs4ZRmanOeKBTjRVjka3QFoN6XJ+9F3USqfHqTaU5w=="],

    "is-callable": ["is-callable@1.2.7", "https://mirrors.huaweicloud.com/repository/npm/is-callable/-/is-callable-1.2.7.tgz", {}, "sha512-1BC0BVFhS/p0qtw6enp8e+8OD0UrK0oFLztSjNzhcKA3WDuJxxAPXzPuPtKkjEY9UUoEWlX/8fgKeu2S8i9JTA=="],

    "is-fullwidth-code-point": ["is-fullwidth-code-point@3.0.0", "https://mirrors.huaweicloud.com/repository/npm/is-fullwidth-code-point/-/is-fullwidth-code-point-3.0.0.tgz", {}, "sha512-zymm5+u+sCsSWyD9qNaejV3DFvhCKclKdizYaJUuHA83RLjb7nSuGnddCHGv0hk+KY7BMAlsWeK4Ueg6EV6XQg=="],

    "is-generator-function": ["is-generator-function@1.1.0", "https://mirrors.huaweicloud.com/repository/npm/is-generator-function/-/is-generator-function-1.1.0.tgz", { "dependencies": { "call-bound": "^1.0.3", "get-proto": "^1.0.0", "has-tostringtag": "^1.0.2", "safe-regex-test": "^1.1.0" } }, "sha512-nPUB5km40q9e8UfN/Zc24eLlzdSf9OfKByBw9CIdw4H1giPMeA0OIJvbchsCu4npfI2QcMVBsGEBHKZ7wLTWmQ=="],

    "is-interactive": ["is-interactive@2.0.0", "https://mirrors.huaweicloud.com/repository/npm/is-interactive/-/is-interactive-2.0.0.tgz", {}, "sha512-qP1vozQRI+BMOPcjFzrjXuQvdak2pHNUMZoeG2eRbiSqyvbEf/wQtEOTOX1guk6E3t36RkaqiSt8A/6YElNxLQ=="],

    "is-nan": ["is-nan@1.3.2", "https://mirrors.huaweicloud.com/repository/npm/is-nan/-/is-nan-1.3.2.tgz", { "dependencies": { "call-bind": "^1.0.0", "define-properties": "^1.1.3" } }, "sha512-E+zBKpQ2t6MEo1VsonYmluk9NxGrbzpeeLC2xIViuO2EjU2xsXsBPwTr3Ykv9l08UYEVEdWeRZNouaZqF6RN0w=="],

    "is-regex": ["is-regex@1.2.1", "https://mirrors.huaweicloud.com/repository/npm/is-regex/-/is-regex-1.2.1.tgz", { "dependencies": { "call-bound": "^1.0.2", "gopd": "^1.2.0", "has-tostringtag": "^1.0.2", "hasown": "^2.0.2" } }, "sha512-MjYsKHO5O7mCsmRGxWcLWheFqN9DJ/2TmngvjKXihe6efViPqc274+Fx/4fYj/r03+ESvBdTXK0V6tA3rgez1g=="],

    "is-typed-array": ["is-typed-array@1.1.15", "https://mirrors.huaweicloud.com/repository/npm/is-typed-array/-/is-typed-array-1.1.15.tgz", { "dependencies": { "which-typed-array": "^1.1.16" } }, "sha512-p3EcsicXjit7SaskXHs1hA91QxgTw46Fv6EFKKGS5DRFLD8yKnohjF3hxoju94b/OcMZoQukzpPpBE9uLVKzgQ=="],

    "is-unicode-supported": ["is-unicode-supported@2.1.0", "https://mirrors.huaweicloud.com/repository/npm/is-unicode-supported/-/is-unicode-supported-2.1.0.tgz", {}, "sha512-mE00Gnza5EEB3Ds0HfMyllZzbBrmLOX3vfWoj9A9PEnTfratQ/BcaJOuMhnkhjXvb2+FkY3VuHqtAGpTPmglFQ=="],

    "javascript-obfuscator": ["javascript-obfuscator@4.1.1", "https://mirrors.huaweicloud.com/repository/npm/javascript-obfuscator/-/javascript-obfuscator-4.1.1.tgz", { "dependencies": { "@javascript-obfuscator/escodegen": "2.3.0", "@javascript-obfuscator/estraverse": "5.4.0", "acorn": "8.8.2", "assert": "2.0.0", "chalk": "4.1.2", "chance": "1.1.9", "class-validator": "0.14.1", "commander": "10.0.0", "eslint-scope": "7.1.1", "eslint-visitor-keys": "3.3.0", "fast-deep-equal": "3.1.3", "inversify": "6.0.1", "js-string-escape": "1.0.1", "md5": "2.3.0", "mkdirp": "2.1.3", "multimatch": "5.0.0", "opencollective-postinstall": "2.0.3", "process": "0.11.10", "reflect-metadata": "0.1.13", "source-map-support": "0.5.21", "string-template": "1.0.0", "stringz": "2.1.0", "tslib": "2.5.0" }, "bin": { "javascript-obfuscator": "bin/javascript-obfuscator" } }, "sha512-gt+KZpIIrrxXHEQGD8xZrL8mTRwRY0U76/xz/YX0gZdPrSqQhT/c7dYLASlLlecT3r+FxE7je/+C0oLnTDCx4A=="],

    "js-string-escape": ["js-string-escape@1.0.1", "https://mirrors.huaweicloud.com/repository/npm/js-string-escape/-/js-string-escape-1.0.1.tgz", {}, "sha512-Smw4xcfIQ5LVjAOuJCvN/zIodzA/BBSsluuoSykP+lUvScIi4U6RJLfwHet5cxFnCswUjISV8oAXaqaJDY3chg=="],

    "levn": ["levn@0.3.0", "https://mirrors.huaweicloud.com/repository/npm/levn/-/levn-0.3.0.tgz", { "dependencies": { "prelude-ls": "~1.1.2", "type-check": "~0.3.2" } }, "sha512-0OO4y2iOHix2W6ujICbKIaEQXvFQHue65vUG3pb5EUomzPI90z9hsA1VsO/dbIIpC53J8gxM9Q4Oho0jrCM/yA=="],

    "libphonenumber-js": ["libphonenumber-js@1.12.6", "https://mirrors.huaweicloud.com/repository/npm/libphonenumber-js/-/libphonenumber-js-1.12.6.tgz", {}, "sha512-PJiS4ETaUfCOFLpmtKzAbqZQjCCKVu2OhTV4SVNNE7c2nu/dACvtCqj4L0i/KWNnIgRv7yrILvBj5Lonv5Ncxw=="],

    "log-symbols": ["log-symbols@6.0.0", "https://mirrors.huaweicloud.com/repository/npm/log-symbols/-/log-symbols-6.0.0.tgz", { "dependencies": { "chalk": "^5.3.0", "is-unicode-supported": "^1.3.0" } }, "sha512-i24m8rpwhmPIS4zscNzK6MSEhk0DUWa/8iYQWxhffV8jkI4Phvs3F+quL5xvS0gdQR0FyTCMMH33Y78dDTzzIw=="],

    "math-intrinsics": ["math-intrinsics@1.1.0", "https://mirrors.huaweicloud.com/repository/npm/math-intrinsics/-/math-intrinsics-1.1.0.tgz", {}, "sha512-/IXtbwEk5HTPyEwyKX6hGkYXxM9nbj64B+ilVJnC/R6B0pH5G4V3b0pVbL7DBj4tkhBAppbQUlf6F6Xl9LHu1g=="],

    "md5": ["md5@2.3.0", "https://mirrors.huaweicloud.com/repository/npm/md5/-/md5-2.3.0.tgz", { "dependencies": { "charenc": "0.0.2", "crypt": "0.0.2", "is-buffer": "~1.1.6" } }, "sha512-T1GITYmFaKuO91vxyoQMFETst+O71VUPEU3ze5GNzDm0OWdP8v1ziTaAEPUr/3kLsY3Sftgz242A1SetQiDL7g=="],

    "mimic-function": ["mimic-function@5.0.1", "https://mirrors.huaweicloud.com/repository/npm/mimic-function/-/mimic-function-5.0.1.tgz", {}, "sha512-VP79XUPxV2CigYP3jWwAUFSku2aKqBH7uTAapFWCBqutsbmDo96KY5o8uh6U+/YSIn5OxJnXp73beVkpqMIGhA=="],

    "minimatch": ["minimatch@3.1.2", "https://mirrors.huaweicloud.com/repository/npm/minimatch/-/minimatch-3.1.2.tgz", { "dependencies": { "brace-expansion": "^1.1.7" } }, "sha512-J7p63hRiAjw1NDEww1W7i37+ByIrOWO5XQQAzZ3VOcL0PNybwpfmV/N05zFAzwQ9USyEcX6t3UO+K5aqBQOIHw=="],

    "mkdirp": ["mkdirp@2.1.3", "https://mirrors.huaweicloud.com/repository/npm/mkdirp/-/mkdirp-2.1.3.tgz", { "bin": { "mkdirp": "dist/cjs/src/bin.js" } }, "sha512-sjAkg21peAG9HS+Dkx7hlG9Ztx7HLeKnvB3NQRcu/mltCVmvkF0pisbiTSfDVYTT86XEfZrTUosLdZLStquZUw=="],

    "multimatch": ["multimatch@5.0.0", "https://mirrors.huaweicloud.com/repository/npm/multimatch/-/multimatch-5.0.0.tgz", { "dependencies": { "@types/minimatch": "^3.0.3", "array-differ": "^3.0.0", "array-union": "^2.1.0", "arrify": "^2.0.1", "minimatch": "^3.0.4" } }, "sha512-ypMKuglUrZUD99Tk2bUQ+xNQj43lPEfAeX2o9cTteAmShXy2VHDJpuwu1o0xqoKCt9jLVAvwyFKdLTPXKAfJyA=="],

    "mute-stream": ["mute-stream@2.0.0", "https://mirrors.huaweicloud.com/repository/npm/mute-stream/-/mute-stream-2.0.0.tgz", {}, "sha512-WWdIxpyjEn+FhQJQQv9aQAYlHoNVdzIzUySNV1gHUPDSdZJ3yZn7pAAbQcV7B56Mvu881q9FZV+0Vx2xC44VWA=="],

    "object-is": ["object-is@1.1.6", "https://mirrors.huaweicloud.com/repository/npm/object-is/-/object-is-1.1.6.tgz", { "dependencies": { "call-bind": "^1.0.7", "define-properties": "^1.2.1" } }, "sha512-F8cZ+KfGlSGi09lJT7/Nd6KJZ9ygtvYC0/UYYLI9nmQKLMnydpB9yvbv9K1uSkEu7FU9vYPmVwLg328tX+ot3Q=="],

    "object-keys": ["object-keys@1.1.1", "https://mirrors.huaweicloud.com/repository/npm/object-keys/-/object-keys-1.1.1.tgz", {}, "sha512-NuAESUOUMrlIXOfHKzD6bpPu3tYt3xvjNdRIQ+FeT0lNb4K8WR70CaDxhuNguS2XG+GjkyMwOzsN5ZktImfhLA=="],

    "onetime": ["onetime@7.0.0", "https://mirrors.huaweicloud.com/repository/npm/onetime/-/onetime-7.0.0.tgz", { "dependencies": { "mimic-function": "^5.0.0" } }, "sha512-VXJjc87FScF88uafS3JllDgvAm+c/Slfz06lorj2uAY34rlUu0Nt+v8wreiImcrgAjjIHp1rXpTDlLOGw29WwQ=="],

    "opencollective-postinstall": ["opencollective-postinstall@2.0.3", "https://mirrors.huaweicloud.com/repository/npm/opencollective-postinstall/-/opencollective-postinstall-2.0.3.tgz", { "bin": { "opencollective-postinstall": "index.js" } }, "sha512-8AV/sCtuzUeTo8gQK5qDZzARrulB3egtLzFgteqB2tcT4Mw7B8Kt7JcDHmltjz6FOAHsvTevk70gZEbhM4ZS9Q=="],

    "optionator": ["optionator@0.8.3", "https://mirrors.huaweicloud.com/repository/npm/optionator/-/optionator-0.8.3.tgz", { "dependencies": { "deep-is": "~0.1.3", "fast-levenshtein": "~2.0.6", "levn": "~0.3.0", "prelude-ls": "~1.1.2", "type-check": "~0.3.2", "word-wrap": "~1.2.3" } }, "sha512-+IW9pACdk3XWmmTXG8m3upGUJst5XRGzxMRjXzAuJ1XnIFNvfhjjIuYkDvysnPQ7qzqVzLt78BCruntqRhWQbA=="],

    "ora": ["ora@8.2.0", "https://mirrors.huaweicloud.com/repository/npm/ora/-/ora-8.2.0.tgz", { "dependencies": { "chalk": "^5.3.0", "cli-cursor": "^5.0.0", "cli-spinners": "^2.9.2", "is-interactive": "^2.0.0", "is-unicode-supported": "^2.0.0", "log-symbols": "^6.0.0", "stdin-discarder": "^0.2.2", "string-width": "^7.2.0", "strip-ansi": "^7.1.0" } }, "sha512-weP+BZ8MVNnlCm8c0Qdc1WSWq4Qn7I+9CJGm7Qali6g44e/PUzbjNqJX5NJ9ljlNMosfJvg1fKEGILklK9cwnw=="],

    "os-tmpdir": ["os-tmpdir@1.0.2", "https://mirrors.huaweicloud.com/repository/npm/os-tmpdir/-/os-tmpdir-1.0.2.tgz", {}, "sha512-D2FR03Vir7FIu45XBY20mTb+/ZSWB00sjU9jdQXt83gDrI4Ztz5Fs7/yy74g2N5SVQY4xY1qDr4rNddwYRVX0g=="],

    "possible-typed-array-names": ["possible-typed-array-names@1.1.0", "https://mirrors.huaweicloud.com/repository/npm/possible-typed-array-names/-/possible-typed-array-names-1.1.0.tgz", {}, "sha512-/+5VFTchJDoVj3bhoqi6UeymcD00DAwb1nJwamzPvHEszJ4FpF6SNNbUbOS8yI56qHzdV8eK0qEfOSiodkTdxg=="],

    "prelude-ls": ["prelude-ls@1.1.2", "https://mirrors.huaweicloud.com/repository/npm/prelude-ls/-/prelude-ls-1.1.2.tgz", {}, "sha512-ESF23V4SKG6lVSGZgYNpbsiaAkdab6ZgOxe52p7+Kid3W3u3bxR4Vfd/o21dmN7jSt0IwgZ4v5MUd26FEtXE9w=="],

    "process": ["process@0.11.10", "https://mirrors.huaweicloud.com/repository/npm/process/-/process-0.11.10.tgz", {}, "sha512-cdGef/drWFoydD1JsMzuFf8100nZl+GT+yacc2bEced5f9Rjk4z+WtFUTBu9PhOi9j/jfmBPu0mMEY4wIdAF8A=="],

    "reflect-metadata": ["reflect-metadata@0.1.13", "https://mirrors.huaweicloud.com/repository/npm/reflect-metadata/-/reflect-metadata-0.1.13.tgz", {}, "sha512-Ts1Y/anZELhSsjMcU605fU9RE4Oi3p5ORujwbIKXfWa+0Zxs510Qrmrce5/Jowq3cHSZSJqBjypxmHarc+vEWg=="],

    "restore-cursor": ["restore-cursor@5.1.0", "https://mirrors.huaweicloud.com/repository/npm/restore-cursor/-/restore-cursor-5.1.0.tgz", { "dependencies": { "onetime": "^7.0.0", "signal-exit": "^4.1.0" } }, "sha512-oMA2dcrw6u0YfxJQXm342bFKX/E4sG9rbTzO9ptUcR/e8A33cHuvStiYOwH7fszkZlZ1z/ta9AAoPk2F4qIOHA=="],

    "safe-regex-test": ["safe-regex-test@1.1.0", "https://mirrors.huaweicloud.com/repository/npm/safe-regex-test/-/safe-regex-test-1.1.0.tgz", { "dependencies": { "call-bound": "^1.0.2", "es-errors": "^1.3.0", "is-regex": "^1.2.1" } }, "sha512-x/+Cz4YrimQxQccJf5mKEbIa1NzeCRNI5Ecl/ekmlYaampdNLPalVyIcCZNNH3MvmqBugV5TMYZXv0ljslUlaw=="],

    "safer-buffer": ["safer-buffer@2.1.2", "https://mirrors.huaweicloud.com/repository/npm/safer-buffer/-/safer-buffer-2.1.2.tgz", {}, "sha512-YZo3K82SD7Riyi0E1EQPojLz7kpepnSQI9IyPbHHg1XXXevb5dJI7tpyN2ADxGcQbHG7vcyRHk0cbwqcQriUtg=="],

    "set-function-length": ["set-function-length@1.2.2", "https://mirrors.huaweicloud.com/repository/npm/set-function-length/-/set-function-length-1.2.2.tgz", { "dependencies": { "define-data-property": "^1.1.4", "es-errors": "^1.3.0", "function-bind": "^1.1.2", "get-intrinsic": "^1.2.4", "gopd": "^1.0.1", "has-property-descriptors": "^1.0.2" } }, "sha512-pgRc4hJ4/sNjWCSS9AmnS40x3bNMDTknHgL5UaMBTMyJnU90EgWh1Rz+MC9eFu4BuN/UwZjKQuY/1v3rM7HMfg=="],

    "signal-exit": ["signal-exit@4.1.0", "https://mirrors.huaweicloud.com/repository/npm/signal-exit/-/signal-exit-4.1.0.tgz", {}, "sha512-bzyZ1e88w9O1iNJbKnOlvYTrWPDl46O1bG0D3XInv+9tkPrxrN8jUUTiFlDkkmKWgn1M6CfIA13SuGqOa9Korw=="],

    "source-map": ["source-map@0.6.1", "https://mirrors.huaweicloud.com/repository/npm/source-map/-/source-map-0.6.1.tgz", {}, "sha512-UjgapumWlbMhkBgzT7Ykc5YXUT46F0iKu8SGXq0bcwP5dz/h0Plj6enJqjz1Zbq2l5WaqYnrVbwWOWMyF3F47g=="],

    "source-map-support": ["source-map-support@0.5.21", "https://mirrors.huaweicloud.com/repository/npm/source-map-support/-/source-map-support-0.5.21.tgz", { "dependencies": { "buffer-from": "^1.0.0", "source-map": "^0.6.0" } }, "sha512-uBHU3L3czsIyYXKX88fdrGovxdSCoTGDRZ6SYXtSRxLZUzHg5P/66Ht6uoUlHu9EZod+inXhKo3qQgwXUT/y1w=="],

    "stdin-discarder": ["stdin-discarder@0.2.2", "https://mirrors.huaweicloud.com/repository/npm/stdin-discarder/-/stdin-discarder-0.2.2.tgz", {}, "sha512-UhDfHmA92YAlNnCfhmq0VeNL5bDbiZGg7sZ2IvPsXubGkiNa9EC+tUTsjBRsYUAz87btI6/1wf4XoVvQ3uRnmQ=="],

    "string-template": ["string-template@1.0.0", "https://mirrors.huaweicloud.com/repository/npm/string-template/-/string-template-1.0.0.tgz", {}, "sha512-SLqR3GBUXuoPP5MmYtD7ompvXiG87QjT6lzOszyXjTM86Uu7At7vNnt2xgyTLq5o9T4IxTYFyGxcULqpsmsfdg=="],

    "string-width": ["string-width@7.2.0", "https://mirrors.huaweicloud.com/repository/npm/string-width/-/string-width-7.2.0.tgz", { "dependencies": { "emoji-regex": "^10.3.0", "get-east-asian-width": "^1.0.0", "strip-ansi": "^7.1.0" } }, "sha512-tsaTIkKW9b4N+AEj+SVA+WhJzV7/zMhcSu78mLKWSk7cXMOSHsBKFWUs0fWwq8QyK3MgJBQRX6Gbi4kYbdvGkQ=="],

    "stringz": ["stringz@2.1.0", "https://mirrors.huaweicloud.com/repository/npm/stringz/-/stringz-2.1.0.tgz", { "dependencies": { "char-regex": "^1.0.2" } }, "sha512-KlywLT+MZ+v0IRepfMxRtnSvDCMc3nR1qqCs3m/qIbSOWkNZYT8XHQA31rS3TnKp0c5xjZu3M4GY/2aRKSi/6A=="],

    "strip-ansi": ["strip-ansi@7.1.0", "https://mirrors.huaweicloud.com/repository/npm/strip-ansi/-/strip-ansi-7.1.0.tgz", { "dependencies": { "ansi-regex": "^6.0.1" } }, "sha512-iq6eVVI64nQQTRYq2KtEg2d2uU7LElhTJwsH4YzIHZshxlgZms/wIc4VoDQTlG/IvVIrBKG06CrZnp0qv7hkcQ=="],

    "supports-color": ["supports-color@7.2.0", "https://mirrors.huaweicloud.com/repository/npm/supports-color/-/supports-color-7.2.0.tgz", { "dependencies": { "has-flag": "^4.0.0" } }, "sha512-qpCAvRl9stuOHveKsn7HncJRvv501qIacKzQlO/+Lwxc9+0q2wLyv4Dfvt80/DPn2pqOBsJdDiogXGR9+OvwRw=="],

    "tmp": ["tmp@0.0.33", "https://mirrors.huaweicloud.com/repository/npm/tmp/-/tmp-0.0.33.tgz", { "dependencies": { "os-tmpdir": "~1.0.2" } }, "sha512-jRCJlojKnZ3addtTOjdIqoRuPEKBvNXcGYqzO6zWZX8KfKEpnGY5jfggJQ3EjKuu8D4bJRr0y+cYJFmYbImXGw=="],

    "tslib": ["tslib@2.5.0", "https://mirrors.huaweicloud.com/repository/npm/tslib/-/tslib-2.5.0.tgz", {}, "sha512-336iVw3rtn2BUK7ORdIAHTyxHGRIHVReokCR3XjbckJMK7ms8FysBfhLR8IXnAgy7T0PTPNBWKiH514FOW/WSg=="],

    "type-check": ["type-check@0.3.2", "https://mirrors.huaweicloud.com/repository/npm/type-check/-/type-check-0.3.2.tgz", { "dependencies": { "prelude-ls": "~1.1.2" } }, "sha512-ZCmOJdvOWDBYJlzAoFkC+Q0+bUyEOS1ltgp1MGU03fqHG+dbi9tBFU2Rd9QKiDZFAYrhPh2JUf7rZRIuHRKtOg=="],

    "type-fest": ["type-fest@0.21.3", "https://mirrors.huaweicloud.com/repository/npm/type-fest/-/type-fest-0.21.3.tgz", {}, "sha512-t0rzBq87m3fVcduHDUFhKmyyX+9eo6WQjZvf51Ea/M0Q7+T374Jp1aUiyUl0GKxp8M/OETVHSDvmkyPgvX+X2w=="],

    "typescript": ["typescript@5.8.2", "https://mirrors.huaweicloud.com/repository/npm/typescript/-/typescript-5.8.2.tgz", { "bin": { "tsc": "bin/tsc", "tsserver": "bin/tsserver" } }, "sha512-aJn6wq13/afZp/jT9QZmwEjDqqvSGp1VT5GVg+f/t6/oVyrgXM6BY1h9BRh/O5p3PlUPAe+WuiEZOmb/49RqoQ=="],

    "undici-types": ["undici-types@6.20.0", "https://mirrors.huaweicloud.com/repository/npm/undici-types/-/undici-types-6.20.0.tgz", {}, "sha512-Ny6QZ2Nju20vw1SRHe3d9jVu6gJ+4e3+MMpqu7pqE5HT6WsTSlce++GQmK5UXS8mzV8DSYHrQH+Xrf2jVcuKNg=="],

    "util": ["util@0.12.5", "https://mirrors.huaweicloud.com/repository/npm/util/-/util-0.12.5.tgz", { "dependencies": { "inherits": "^2.0.3", "is-arguments": "^1.0.4", "is-generator-function": "^1.0.7", "is-typed-array": "^1.1.3", "which-typed-array": "^1.1.2" } }, "sha512-kZf/K6hEIrWHI6XqOFUiiMa+79wE/D8Q+NCNAWclkyg3b4d2k7s0QGepNjiABc+aR3N1PAyHL7p6UcLY6LmrnA=="],

    "validator": ["validator@13.12.0", "https://mirrors.huaweicloud.com/repository/npm/validator/-/validator-13.12.0.tgz", {}, "sha512-c1Q0mCiPlgdTVVVIJIrBuxNicYE+t/7oKeI9MWLj3fh/uq2Pxh/3eeWbVZ4OcGW1TUf53At0njHw5SMdA3tmMg=="],

    "which-typed-array": ["which-typed-array@1.1.19", "https://mirrors.huaweicloud.com/repository/npm/which-typed-array/-/which-typed-array-1.1.19.tgz", { "dependencies": { "available-typed-arrays": "^1.0.7", "call-bind": "^1.0.8", "call-bound": "^1.0.4", "for-each": "^0.3.5", "get-proto": "^1.0.1", "gopd": "^1.2.0", "has-tostringtag": "^1.0.2" } }, "sha512-rEvr90Bck4WZt9HHFC4DJMsjvu7x+r6bImz0/BrbWb7A2djJ8hnZMrWnHo9F8ssv0OMErasDhftrfROTyqSDrw=="],

    "word-wrap": ["word-wrap@1.2.5", "https://mirrors.huaweicloud.com/repository/npm/word-wrap/-/word-wrap-1.2.5.tgz", {}, "sha512-BN22B5eaMMI9UMtjrGd5g5eCYPpCPDUy0FJXbYsaT5zYxjFOckS53SQDE3pWkVoWpHXVb3BrYcEN4Twa55B5cA=="],

    "wrap-ansi": ["wrap-ansi@6.2.0", "https://mirrors.huaweicloud.com/repository/npm/wrap-ansi/-/wrap-ansi-6.2.0.tgz", { "dependencies": { "ansi-styles": "^4.0.0", "string-width": "^4.1.0", "strip-ansi": "^6.0.0" } }, "sha512-r6lPcBGxZXlIcymEu7InxDMhdW0KDxpLgoFLcguasxCaJ/SOIZwINatK9KY/tf+ZrlywOKU0UDj3ATXUBfxJXA=="],

    "yoctocolors-cjs": ["yoctocolors-cjs@2.1.2", "https://mirrors.huaweicloud.com/repository/npm/yoctocolors-cjs/-/yoctocolors-cjs-2.1.2.tgz", {}, "sha512-cYVsTjKl8b+FrnidjibDWskAv7UKOfcwaVZdp/it9n1s9fU3IkgDbhdIRKCW4JDsAlECJY0ytoVPT3sK6kideA=="],

    "log-symbols/chalk": ["chalk@5.4.1", "https://mirrors.huaweicloud.com/repository/npm/chalk/-/chalk-5.4.1.tgz", {}, "sha512-zgVZuo2WcZgfUEmsn6eO3kINexW8RAE4maiQ8QNs8CtpPCSyMiYsULR3HQYkm3w8FIA3SberyMJMSldGsW+U3w=="],

    "log-symbols/is-unicode-supported": ["is-unicode-supported@1.3.0", "https://mirrors.huaweicloud.com/repository/npm/is-unicode-supported/-/is-unicode-supported-1.3.0.tgz", {}, "sha512-43r2mRvz+8JRIKnWJ+3j8JtjRKZ6GmjzfaE/qiBJnikNnYv/6bagRJ1kUhNk8R5EX/GkobD+r+sfxCPJsiKBLQ=="],

    "ora/chalk": ["chalk@5.4.1", "https://mirrors.huaweicloud.com/repository/npm/chalk/-/chalk-5.4.1.tgz", {}, "sha512-zgVZuo2WcZgfUEmsn6eO3kINexW8RAE4maiQ8QNs8CtpPCSyMiYsULR3HQYkm3w8FIA3SberyMJMSldGsW+U3w=="],

    "wrap-ansi/string-width": ["string-width@4.2.3", "https://mirrors.huaweicloud.com/repository/npm/string-width/-/string-width-4.2.3.tgz", { "dependencies": { "emoji-regex": "^8.0.0", "is-fullwidth-code-point": "^3.0.0", "strip-ansi": "^6.0.1" } }, "sha512-wKyQRQpjJ0sIp62ErSZdGsjMJWsap5oRNihHhu6G7JVO/9jIB6UyevL+tXuOqrng8j/cxKTWyWUwvSTriiZz/g=="],

    "wrap-ansi/strip-ansi": ["strip-ansi@6.0.1", "https://mirrors.huaweicloud.com/repository/npm/strip-ansi/-/strip-ansi-6.0.1.tgz", { "dependencies": { "ansi-regex": "^5.0.1" } }, "sha512-Y38VPSHcqkFrCpFnQ9vuSXmquuv5oXOKpGeT6aGrr3o3Gc9AlVa6JBfUSOCnbxGGZF+/0ooI7KrPuUSztUdU5A=="],

    "wrap-ansi/string-width/emoji-regex": ["emoji-regex@8.0.0", "https://mirrors.huaweicloud.com/repository/npm/emoji-regex/-/emoji-regex-8.0.0.tgz", {}, "sha512-MSjYzcWNOA0ewAHpz0MxpYFvwg6yjy1NG3xteoqz644VCo/RPgnr1/GGt+ic3iJTzQ8Eu3TdM14SawnVUmGE6A=="],

    "wrap-ansi/strip-ansi/ansi-regex": ["ansi-regex@5.0.1", "https://mirrors.huaweicloud.com/repository/npm/ansi-regex/-/ansi-regex-5.0.1.tgz", {}, "sha512-quJQXlTSUGL2LH9SUXo8VwsY4soanhgo6LNSm84E1LBcE8s3O0wpdiRzyR9z/ZZJMlMWv37qOOb9pdJlMUEKFQ=="],
  }
}
